
Microsoft Visual Studio Solution File, Format Version 12.00
# Visual Studio Version 17
VisualStudioVersion = 17.4.33213.308
MinimumVisualStudioVersion = 10.0.40219.1
Project("{FAE04EC0-301F-11D3-BF4B-00C04F79EFBC}") = "ProjectCarrot", "ProjectCarrot\ProjectCarrot.csproj", "{2779E0FA-F080-4AFE-BE0E-3D2048D5087D}"
EndProject
Global
	GlobalSection(SolutionConfigurationPlatforms) = preSolution
		Debug|Any CPU = Debug|Any CPU
		Release|Any CPU = Release|Any CPU
	EndGlobalSection
	GlobalSection(ProjectConfigurationPlatforms) = postSolution
		{2779E0FA-F080-4AFE-BE0E-3D2048D5087D}.Debug|Any CPU.ActiveCfg = Debug|Any CPU
		{2779E0FA-F080-4AFE-BE0E-3D2048D5087D}.Debug|Any CPU.Build.0 = Debug|Any CPU
		{2779E0FA-F080-4AFE-BE0E-3D2048D5087D}.Release|Any CPU.ActiveCfg = Release|Any CPU
		{2779E0FA-F080-4AFE-BE0E-3D2048D5087D}.Release|Any CPU.Build.0 = Release|Any CPU
	EndGlobalSection
	GlobalSection(SolutionProperties) = preSolution
		HideSolutionNode = FALSE
	EndGlobalSection
	GlobalSection(ExtensibilityGlobals) = postSolution
		SolutionGuid = {B49BCC3A-7B33-4FFF-8EDE-7D9FECC4CF3A}
	EndGlobalSection
EndGlobal
